{
  "version": 4,
  "terraform_version": "1.15.6",
  "serial": 22,
  "lineage": "d7d65f8a-0358-6b3c-deef-131578cb3701",
  "outputs": {
    "iam_user_name": {
      "value": "cicd-user",
      "type": "string"
    },
    "s3_bucket_name": {
      "value": "webdienthoai-artifacts",
      "type": "string"
    },
    "topic_name": {
      "value": "deploy-notification",
      "type": "string"
    }
  },
  "resources": [
    {
      "module": "module.iam",
      "mode": "managed",
      "type": "aws_iam_user",
      "name": "cicd_user",
      "provider": "provider[\"registry.terraform.io/hashicorp/aws\"]",
      "instances": [
        {
          "schema_version": 0,
          "attributes": {
            "arn": "arn:aws:iam::000000000000:user/cicd-user",
            "force_destroy": false,
            "id": "cicd-user",
            "name": "cicd-user",
            "path": "/",
            "permissions_boundary": "",
            "tags": {
              "Environment": "CI/CD",
              "ManagedBy": "Terraform",
              "Project": "WebDienThoai"
            },
            "tags_all": {
              "Environment": "CI/CD",
              "ManagedBy": "Terraform",
              "Project": "WebDienThoai"
            },
            "unique_id": "6opk8bce0c08i9bbmetu"
          },
          "sensitive_attributes": [],
          "identity_schema_version": 0,
          "private": "bnVsbA=="
        }
      ]
    },
    {
      "module": "module.iam",
      "mode": "managed",
      "type": "aws_iam_user_policy",
      "name": "cicd_policy",
      "provider": "provider[\"registry.terraform.io/hashicorp/aws\"]",
      "instances": [
        {
          "schema_version": 0,
          "attributes": {
            "id": "cicd-user:cicd-policy",
            "name": "cicd-policy",
            "name_prefix": "",
            "policy": "{\"Version\":\"2012-10-17\",\"Statement\":[{\"Action\":[\"s3:*\",\"sns:*\"],\"Effect\":\"Allow\",\"Resource\":\"*\"}]}",
            "user": "cicd-user"
          },
          "sensitive_attributes": [],
          "identity_schema_version": 0,
          "private": "bnVsbA==",
          "dependencies": [
            "module.iam.aws_iam_user.cicd_user"
          ]
        }
      ]
    },
    {
      "module": "module.notification",
      "mode": "managed",
      "type": "aws_sns_topic",
      "name": "deploy_topic",
      "provider": "provider[\"registry.terraform.io/hashicorp/aws\"]",
      "instances": [
        {
          "schema_version": 0,
          "attributes": {
            "application_failure_feedback_role_arn": "",
            "application_success_feedback_role_arn": "",
            "application_success_feedback_sample_rate": 0,
            "archive_policy": "",
            "arn": "arn:aws:sns:us-east-1:000000000000:deploy-notification",
            "beginning_archive_time": "",
            "content_based_deduplication": false,
            "delivery_policy": "",
            "display_name": "",
            "fifo_throughput_scope": "",
            "fifo_topic": false,
            "firehose_failure_feedback_role_arn": "",
            "firehose_success_feedback_role_arn": "",
            "firehose_success_feedback_sample_rate": 0,
            "http_failure_feedback_role_arn": "",
            "http_success_feedback_role_arn": "",
            "http_success_feedback_sample_rate": 0,
            "id": "arn:aws:sns:us-east-1:000000000000:deploy-notification",
            "kms_master_key_id": "",
            "lambda_failure_feedback_role_arn": "",
            "lambda_success_feedback_role_arn": "",
            "lambda_success_feedback_sample_rate": 0,
            "name": "deploy-notification",
            "name_prefix": "",
            "owner": "000000000000",
            "policy": "{\"Id\":\"__default_policy_ID\",\"Statement\":[{\"Action\":[\"SNS:GetTopicAttributes\",\"SNS:SetTopicAttributes\",\"SNS:AddPermission\",\"SNS:RemovePermission\",\"SNS:DeleteTopic\",\"SNS:Subscribe\",\"SNS:ListSubscriptionsByTopic\",\"SNS:Publish\",\"SNS:Receive\"],\"Condition\":{\"StringEquals\":{\"AWS:SourceOwner\":\"000000000000\"}},\"Effect\":\"Allow\",\"Principal\":{\"AWS\":\"*\"},\"Resource\":\"arn:aws:sns:us-east-1:000000000000:deploy-notification\",\"Sid\":\"__default_statement_ID\"}],\"Version\":\"2008-10-17\"}",
            "signature_version": 0,
            "sqs_failure_feedback_role_arn": "",
            "sqs_success_feedback_role_arn": "",
            "sqs_success_feedback_sample_rate": 0,
            "tags": {
              "Environment": "CI/CD",
              "ManagedBy": "Terraform",
              "Project": "WebDienThoai"
            },
            "tags_all": {
              "Environment": "CI/CD",
              "ManagedBy": "Terraform",
              "Project": "WebDienThoai"
            },
            "tracing_config": ""
          },
          "sensitive_attributes": [],
          "identity_schema_version": 0,
          "private": "bnVsbA=="
        }
      ]
    }
  ],
  "check_results": null
}
